// !$*UTF8*$!
{
	archiveVersion = 1;
	classes = {
	};
	objectVersion = 56;
	objects = {

/* Begin PBXBuildFile section */
		610914F629157B0400D451B8 /* NavigationController.swift in Sources */ = {isa = PBXBuildFile; fileRef = 610914F529157B0400D451B8 /* NavigationController.swift */; };
		610914FA29165C9000D451B8 /* ListViewCellWithImage.swift in Sources */ = {isa = PBXBuildFile; fileRef = 610914F929165C9000D451B8 /* ListViewCellWithImage.swift */; };
		610914FC2917C60200D451B8 /* ListPresenter.swift in Sources */ = {isa = PBXBuildFile; fileRef = 610914FB2917C60200D451B8 /* ListPresenter.swift */; };
		610CBF6C29A0D513004E9969 /* Constants.swift in Sources */ = {isa = PBXBuildFile; fileRef = 610CBF6B29A0D513004E9969 /* Constants.swift */; };
		610CBF6E29A0D780004E9969 /* UIFont+Extensions.swift in Sources */ = {isa = PBXBuildFile; fileRef = 610CBF6D29A0D780004E9969 /* UIFont+Extensions.swift */; };
		610DA045293F317900516718 /* BBDBImageClassifier.mlmodel in Sources */ = {isa = PBXBuildFile; fileRef = 610DA044293F317800516718 /* BBDBImageClassifier.mlmodel */; };
		610DA047293F329F00516718 /* WhoAmIView.swift in Sources */ = {isa = PBXBuildFile; fileRef = 610DA046293F329F00516718 /* WhoAmIView.swift */; };
		610DA04D293F35C300516718 /* WhoAmIController.swift in Sources */ = {isa = PBXBuildFile; fileRef = 610DA04C293F35C300516718 /* WhoAmIController.swift */; };
		610DA04F293F35F400516718 /* WhoAmIPresenter.swift in Sources */ = {isa = PBXBuildFile; fileRef = 610DA04E293F35F400516718 /* WhoAmIPresenter.swift */; };
		610FE8B52952FAD5007BC50E /* SettingsView.swift in Sources */ = {isa = PBXBuildFile; fileRef = 610FE8B42952FAD5007BC50E /* SettingsView.swift */; };
		610FE8B7295306B4007BC50E /* SettingsController.swift in Sources */ = {isa = PBXBuildFile; fileRef = 610FE8B6295306B4007BC50E /* SettingsController.swift */; };
		610FE8B929531281007BC50E /* SettingsPresenter.swift in Sources */ = {isa = PBXBuildFile; fileRef = 610FE8B829531281007BC50E /* SettingsPresenter.swift */; };
		610FE8BB2953330B007BC50E /* UserDefaultsManager.swift in Sources */ = {isa = PBXBuildFile; fileRef = 610FE8BA2953330B007BC50E /* UserDefaultsManager.swift */; };
		6112E9F0294F585900934712 /* BBDBTheme.mp3 in Resources */ = {isa = PBXBuildFile; fileRef = 6112E9EF294F585900934712 /* BBDBTheme.mp3 */; };
		611AE42B299CD25C001B9E41 /* Kingfisher in Frameworks */ = {isa = PBXBuildFile; productRef = 611AE42A299CD25C001B9E41 /* Kingfisher */; };
		6125CF6B29A240580018297B /* BBDBUITests.swift in Sources */ = {isa = PBXBuildFile; fileRef = 6125CF6A29A240580018297B /* BBDBUITests.swift */; };
		6125CF6D29A240580018297B /* BBDBUITestsLaunchTests.swift in Sources */ = {isa = PBXBuildFile; fileRef = 6125CF6C29A240580018297B /* BBDBUITestsLaunchTests.swift */; };
		61454F92291269870016F835 /* WebView.swift in Sources */ = {isa = PBXBuildFile; fileRef = 61454F91291269870016F835 /* WebView.swift */; };
		61454F9429126C1A0016F835 /* WebController.swift in Sources */ = {isa = PBXBuildFile; fileRef = 61454F9329126C1A0016F835 /* WebController.swift */; };
		61454F9A2913D1930016F835 /* MenuView.swift in Sources */ = {isa = PBXBuildFile; fileRef = 61454F992913D1930016F835 /* MenuView.swift */; };
		61454F9C2913D7A60016F835 /* MenuController.swift in Sources */ = {isa = PBXBuildFile; fileRef = 61454F9B2913D7A60016F835 /* MenuController.swift */; };
		61454F9E2913EBFC0016F835 /* UIScreen+Extensions.swift in Sources */ = {isa = PBXBuildFile; fileRef = 61454F9D2913EBFC0016F835 /* UIScreen+Extensions.swift */; };
		61454FA2291539530016F835 /* MenuPresenter.swift in Sources */ = {isa = PBXBuildFile; fileRef = 61454FA1291539530016F835 /* MenuPresenter.swift */; };
		61454FA429153DFC0016F835 /* ListView.swift in Sources */ = {isa = PBXBuildFile; fileRef = 61454FA329153DFC0016F835 /* ListView.swift */; };
		61454FA6291541960016F835 /* ListController.swift in Sources */ = {isa = PBXBuildFile; fileRef = 61454FA5291541960016F835 /* ListController.swift */; };
		614DB9DF292E3C7B003842F5 /* BBDB.xcdatamodeld in Sources */ = {isa = PBXBuildFile; fileRef = 618AB5252907E05C00EB9C8B /* BBDB.xcdatamodeld */; };
		61518C29292519B10013080A /* CoreDataManager.swift in Sources */ = {isa = PBXBuildFile; fileRef = 61518C28292519B10013080A /* CoreDataManager.swift */; };
		615C29BA291CF042006AF07F /* EpisodeModel.swift in Sources */ = {isa = PBXBuildFile; fileRef = 615C29B9291CF042006AF07F /* EpisodeModel.swift */; };
		615C29BC291E87BA006AF07F /* ListViewCell.swift in Sources */ = {isa = PBXBuildFile; fileRef = 615C29BB291E87BA006AF07F /* ListViewCell.swift */; };
		617E59CC299F795F0007D89F /* UICreator.swift in Sources */ = {isa = PBXBuildFile; fileRef = 617E59CB299F795F0007D89F /* UICreator.swift */; };
		618AB51D2907E05C00EB9C8B /* AppDelegate.swift in Sources */ = {isa = PBXBuildFile; fileRef = 618AB51C2907E05C00EB9C8B /* AppDelegate.swift */; };
		618AB51F2907E05C00EB9C8B /* SceneDelegate.swift in Sources */ = {isa = PBXBuildFile; fileRef = 618AB51E2907E05C00EB9C8B /* SceneDelegate.swift */; };
		618AB5292907E05E00EB9C8B /* Assets.xcassets in Resources */ = {isa = PBXBuildFile; fileRef = 618AB5282907E05E00EB9C8B /* Assets.xcassets */; };
		618AB53C2907E12E00EB9C8B /* UIImageView+Extensions.swift in Sources */ = {isa = PBXBuildFile; fileRef = 618AB5382907E12E00EB9C8B /* UIImageView+Extensions.swift */; };
		618AB53E2907E12E00EB9C8B /* Date+DateFormatter+Extensions.swift in Sources */ = {isa = PBXBuildFile; fileRef = 618AB53A2907E12E00EB9C8B /* Date+DateFormatter+Extensions.swift */; };
		618AB53F2907E12E00EB9C8B /* UIColor+Extensions.swift in Sources */ = {isa = PBXBuildFile; fileRef = 618AB53B2907E12E00EB9C8B /* UIColor+Extensions.swift */; };
		618AB5432907E15A00EB9C8B /* Bob'sBurgers.ttf in Resources */ = {isa = PBXBuildFile; fileRef = 618AB5412907E15A00EB9C8B /* Bob'sBurgers.ttf */; };
		618AB5442907E15A00EB9C8B /* Bob'sBurgers2.ttf in Resources */ = {isa = PBXBuildFile; fileRef = 618AB5422907E15A00EB9C8B /* Bob'sBurgers2.ttf */; };
		618AB54D2907E36C00EB9C8B /* FeedView.swift in Sources */ = {isa = PBXBuildFile; fileRef = 618AB54C2907E36C00EB9C8B /* FeedView.swift */; };
		618AB54F2907E37800EB9C8B /* FeedController.swift in Sources */ = {isa = PBXBuildFile; fileRef = 618AB54E2907E37800EB9C8B /* FeedController.swift */; };
		618AB5512907E3F000EB9C8B /* UIView+Extensions.swift in Sources */ = {isa = PBXBuildFile; fileRef = 618AB5502907E3F000EB9C8B /* UIView+Extensions.swift */; };
		618AB55529092B9E00EB9C8B /* TabBarController.swift in Sources */ = {isa = PBXBuildFile; fileRef = 618AB55429092B9E00EB9C8B /* TabBarController.swift */; };
		618AB55A2909306300EB9C8B /* NetworkClient.swift in Sources */ = {isa = PBXBuildFile; fileRef = 618AB5582909306300EB9C8B /* NetworkClient.swift */; };
		618AB55B2909306300EB9C8B /* NetworkDataLoader+Link.swift in Sources */ = {isa = PBXBuildFile; fileRef = 618AB5592909306300EB9C8B /* NetworkDataLoader+Link.swift */; };
		618AB55D29094CDA00EB9C8B /* CharacterModel.swift in Sources */ = {isa = PBXBuildFile; fileRef = 618AB55C29094CD900EB9C8B /* CharacterModel.swift */; };
		618AB56029094F9800EB9C8B /* AlertModel+InfoAlertText.swift in Sources */ = {isa = PBXBuildFile; fileRef = 618AB55E29094F9800EB9C8B /* AlertModel+InfoAlertText.swift */; };
		618AB56129094F9800EB9C8B /* AlertPresenter.swift in Sources */ = {isa = PBXBuildFile; fileRef = 618AB55F29094F9800EB9C8B /* AlertPresenter.swift */; };
		618AB5632909503900EB9C8B /* FeedPresenter.swift in Sources */ = {isa = PBXBuildFile; fileRef = 618AB5622909503800EB9C8B /* FeedPresenter.swift */; };
		618B0E932923ABF500CDFF1D /* StoreModel.swift in Sources */ = {isa = PBXBuildFile; fileRef = 618B0E922923ABF500CDFF1D /* StoreModel.swift */; };
		618B0E952923B4BD00CDFF1D /* PestControlTruckModel.swift in Sources */ = {isa = PBXBuildFile; fileRef = 618B0E942923B4BD00CDFF1D /* PestControlTruckModel.swift */; };
		618B0E972923B9FA00CDFF1D /* EndCreditsModel.swift in Sources */ = {isa = PBXBuildFile; fileRef = 618B0E962923B9FA00CDFF1D /* EndCreditsModel.swift */; };
		618B0E992923BD3B00CDFF1D /* BurgerOfTheDayModel.swift in Sources */ = {isa = PBXBuildFile; fileRef = 618B0E982923BD3B00CDFF1D /* BurgerOfTheDayModel.swift */; };
		619C7CCD292CCC0800BE3ABB /* FavoritesView.swift in Sources */ = {isa = PBXBuildFile; fileRef = 619C7CCC292CCC0800BE3ABB /* FavoritesView.swift */; };
		619C7CCF292CCD7C00BE3ABB /* FavoritesController.swift in Sources */ = {isa = PBXBuildFile; fileRef = 619C7CCE292CCD7C00BE3ABB /* FavoritesController.swift */; };
		619C7CD1292CCDA500BE3ABB /* FavoritesPresenter.swift in Sources */ = {isa = PBXBuildFile; fileRef = 619C7CD0292CCDA500BE3ABB /* FavoritesPresenter.swift */; };
		619C7CD3292CCF9D00BE3ABB /* FavoritesCell.swift in Sources */ = {isa = PBXBuildFile; fileRef = 619C7CD2292CCF9D00BE3ABB /* FavoritesCell.swift */; };
		61A189D7299CED810014B9E0 /* noImage.png in Resources */ = {isa = PBXBuildFile; fileRef = 61A189D6299CED810014B9E0 /* noImage.png */; };
		61A9B7BC293F5F6900139234 /* WhoAmIResultView.swift in Sources */ = {isa = PBXBuildFile; fileRef = 61A9B7BB293F5F6900139234 /* WhoAmIResultView.swift */; };
		61A9B7BE293F602D00139234 /* WhoAmIResultController.swift in Sources */ = {isa = PBXBuildFile; fileRef = 61A9B7BD293F602D00139234 /* WhoAmIResultController.swift */; };
		61ACD008292CDF0000EA0A04 /* HeaderCollectionReusableView.swift in Sources */ = {isa = PBXBuildFile; fileRef = 61ACD007292CDF0000EA0A04 /* HeaderCollectionReusableView.swift */; };
		61B16AE32941E22100A1AE9D /* Bob Belcher.jpg in Resources */ = {isa = PBXBuildFile; fileRef = 61B16ADE2941E22000A1AE9D /* Bob Belcher.jpg */; };
		61B16AE42941E22100A1AE9D /* Gene Belcher.jpg in Resources */ = {isa = PBXBuildFile; fileRef = 61B16ADF2941E22100A1AE9D /* Gene Belcher.jpg */; };
		61B16AE52941E22100A1AE9D /* Tina Belcher.jpg in Resources */ = {isa = PBXBuildFile; fileRef = 61B16AE02941E22100A1AE9D /* Tina Belcher.jpg */; };
		61B16AE62941E22100A1AE9D /* Linda Belcher.jpg in Resources */ = {isa = PBXBuildFile; fileRef = 61B16AE12941E22100A1AE9D /* Linda Belcher.jpg */; };
		61B16AE72941E22100A1AE9D /* Louise Belcher.jpg in Resources */ = {isa = PBXBuildFile; fileRef = 61B16AE22941E22100A1AE9D /* Louise Belcher.jpg */; };
		61D1BFAD29951120006C7625 /* PaddingLabel.swift in Sources */ = {isa = PBXBuildFile; fileRef = 61D1BFAC29951120006C7625 /* PaddingLabel.swift */; };
		61DB699C2919528A00AC0832 /* DetailedInfoView.swift in Sources */ = {isa = PBXBuildFile; fileRef = 61DB699B2919528A00AC0832 /* DetailedInfoView.swift */; };
		61DB699E291959AF00AC0832 /* DetailedInfoController.swift in Sources */ = {isa = PBXBuildFile; fileRef = 61DB699D291959AF00AC0832 /* DetailedInfoController.swift */; };
		61DB69A1291A432000AC0832 /* DetailedInfoPresenter.swift in Sources */ = {isa = PBXBuildFile; fileRef = 61DB69A0291A431F00AC0832 /* DetailedInfoPresenter.swift */; };
		61E3DDAB293F5E2B00344592 /* UIImage+Extensions.swift in Sources */ = {isa = PBXBuildFile; fileRef = 61E3DDAA293F5E2B00344592 /* UIImage+Extensions.swift */; };
		61EC8731294CA9630088680A /* SplashController.swift in Sources */ = {isa = PBXBuildFile; fileRef = 61EC8730294CA9630088680A /* SplashController.swift */; };
/* End PBXBuildFile section */

/* Begin PBXContainerItemProxy section */
		6125CF6E29A240580018297B /* PBXContainerItemProxy */ = {
			isa = PBXContainerItemProxy;
			containerPortal = 618AB5112907E05C00EB9C8B /* Project object */;
			proxyType = 1;
			remoteGlobalIDString = 618AB5182907E05C00EB9C8B;
			remoteInfo = BBDB;
		};
/* End PBXContainerItemProxy section */

/* Begin PBXFileReference section */
		610914F529157B0400D451B8 /* NavigationController.swift */ = {isa = PBXFileReference; lastKnownFileType = sourcecode.swift; path = NavigationController.swift; sourceTree = "<group>"; };
		610914F929165C9000D451B8 /* ListViewCellWithImage.swift */ = {isa = PBXFileReference; lastKnownFileType = sourcecode.swift; path = ListViewCellWithImage.swift; sourceTree = "<group>"; };
		610914FB2917C60200D451B8 /* ListPresenter.swift */ = {isa = PBXFileReference; lastKnownFileType = sourcecode.swift; path = ListPresenter.swift; sourceTree = "<group>"; };
		610CBF6B29A0D513004E9969 /* Constants.swift */ = {isa = PBXFileReference; lastKnownFileType = sourcecode.swift; path = Constants.swift; sourceTree = "<group>"; };
		610CBF6D29A0D780004E9969 /* UIFont+Extensions.swift */ = {isa = PBXFileReference; lastKnownFileType = sourcecode.swift; path = "UIFont+Extensions.swift"; sourceTree = "<group>"; };
		610DA044293F317800516718 /* BBDBImageClassifier.mlmodel */ = {isa = PBXFileReference; lastKnownFileType = file.mlmodel; path = BBDBImageClassifier.mlmodel; sourceTree = "<group>"; };
		610DA046293F329F00516718 /* WhoAmIView.swift */ = {isa = PBXFileReference; lastKnownFileType = sourcecode.swift; path = WhoAmIView.swift; sourceTree = "<group>"; };
		610DA04C293F35C300516718 /* WhoAmIController.swift */ = {isa = PBXFileReference; lastKnownFileType = sourcecode.swift; path = WhoAmIController.swift; sourceTree = "<group>"; };
		610DA04E293F35F400516718 /* WhoAmIPresenter.swift */ = {isa = PBXFileReference; lastKnownFileType = sourcecode.swift; path = WhoAmIPresenter.swift; sourceTree = "<group>"; };
		610FE8B42952FAD5007BC50E /* SettingsView.swift */ = {isa = PBXFileReference; lastKnownFileType = sourcecode.swift; path = SettingsView.swift; sourceTree = "<group>"; };
		610FE8B6295306B4007BC50E /* SettingsController.swift */ = {isa = PBXFileReference; lastKnownFileType = sourcecode.swift; path = SettingsController.swift; sourceTree = "<group>"; };
		610FE8B829531281007BC50E /* SettingsPresenter.swift */ = {isa = PBXFileReference; lastKnownFileType = sourcecode.swift; path = SettingsPresenter.swift; sourceTree = "<group>"; };
		610FE8BA2953330B007BC50E /* UserDefaultsManager.swift */ = {isa = PBXFileReference; lastKnownFileType = sourcecode.swift; path = UserDefaultsManager.swift; sourceTree = "<group>"; };
		6112E9EF294F585900934712 /* BBDBTheme.mp3 */ = {isa = PBXFileReference; lastKnownFileType = audio.mp3; path = BBDBTheme.mp3; sourceTree = "<group>"; };
		6125CF6829A240570018297B /* BBDBUITests.xctest */ = {isa = PBXFileReference; explicitFileType = wrapper.cfbundle; includeInIndex = 0; path = BBDBUITests.xctest; sourceTree = BUILT_PRODUCTS_DIR; };
		6125CF6A29A240580018297B /* BBDBUITests.swift */ = {isa = PBXFileReference; lastKnownFileType = sourcecode.swift; path = BBDBUITests.swift; sourceTree = "<group>"; };
		6125CF6C29A240580018297B /* BBDBUITestsLaunchTests.swift */ = {isa = PBXFileReference; lastKnownFileType = sourcecode.swift; path = BBDBUITestsLaunchTests.swift; sourceTree = "<group>"; };
		61454F91291269870016F835 /* WebView.swift */ = {isa = PBXFileReference; lastKnownFileType = sourcecode.swift; path = WebView.swift; sourceTree = "<group>"; };
		61454F9329126C1A0016F835 /* WebController.swift */ = {isa = PBXFileReference; lastKnownFileType = sourcecode.swift; path = WebController.swift; sourceTree = "<group>"; };
		61454F992913D1930016F835 /* MenuView.swift */ = {isa = PBXFileReference; lastKnownFileType = sourcecode.swift; path = MenuView.swift; sourceTree = "<group>"; };
		61454F9B2913D7A60016F835 /* MenuController.swift */ = {isa = PBXFileReference; lastKnownFileType = sourcecode.swift; path = MenuController.swift; sourceTree = "<group>"; };
		61454F9D2913EBFC0016F835 /* UIScreen+Extensions.swift */ = {isa = PBXFileReference; lastKnownFileType = sourcecode.swift; path = "UIScreen+Extensions.swift"; sourceTree = "<group>"; };
		61454FA1291539530016F835 /* MenuPresenter.swift */ = {isa = PBXFileReference; lastKnownFileType = sourcecode.swift; path = MenuPresenter.swift; sourceTree = "<group>"; };
		61454FA329153DFC0016F835 /* ListView.swift */ = {isa = PBXFileReference; lastKnownFileType = sourcecode.swift; path = ListView.swift; sourceTree = "<group>"; };
		61454FA5291541960016F835 /* ListController.swift */ = {isa = PBXFileReference; lastKnownFileType = sourcecode.swift; path = ListController.swift; sourceTree = "<group>"; };
		61518C28292519B10013080A /* CoreDataManager.swift */ = {isa = PBXFileReference; lastKnownFileType = sourcecode.swift; path = CoreDataManager.swift; sourceTree = "<group>"; };
		615C29B9291CF042006AF07F /* EpisodeModel.swift */ = {isa = PBXFileReference; lastKnownFileType = sourcecode.swift; path = EpisodeModel.swift; sourceTree = "<group>"; };
		615C29BB291E87BA006AF07F /* ListViewCell.swift */ = {isa = PBXFileReference; lastKnownFileType = sourcecode.swift; path = ListViewCell.swift; sourceTree = "<group>"; };
		617E59CB299F795F0007D89F /* UICreator.swift */ = {isa = PBXFileReference; lastKnownFileType = sourcecode.swift; path = UICreator.swift; sourceTree = "<group>"; };
		618AB5192907E05C00EB9C8B /* BBDB.app */ = {isa = PBXFileReference; explicitFileType = wrapper.application; includeInIndex = 0; path = BBDB.app; sourceTree = BUILT_PRODUCTS_DIR; };
		618AB51C2907E05C00EB9C8B /* AppDelegate.swift */ = {isa = PBXFileReference; lastKnownFileType = sourcecode.swift; path = AppDelegate.swift; sourceTree = "<group>"; };
		618AB51E2907E05C00EB9C8B /* SceneDelegate.swift */ = {isa = PBXFileReference; lastKnownFileType = sourcecode.swift; path = SceneDelegate.swift; sourceTree = "<group>"; };
		618AB5262907E05C00EB9C8B /* BBDB.xcdatamodel */ = {isa = PBXFileReference; lastKnownFileType = wrapper.xcdatamodel; path = BBDB.xcdatamodel; sourceTree = "<group>"; };
		618AB5282907E05E00EB9C8B /* Assets.xcassets */ = {isa = PBXFileReference; lastKnownFileType = folder.assetcatalog; path = Assets.xcassets; sourceTree = "<group>"; };
		618AB52D2907E05E00EB9C8B /* Info.plist */ = {isa = PBXFileReference; lastKnownFileType = text.plist.xml; path = Info.plist; sourceTree = "<group>"; };
		618AB5382907E12E00EB9C8B /* UIImageView+Extensions.swift */ = {isa = PBXFileReference; fileEncoding = 4; lastKnownFileType = sourcecode.swift; path = "UIImageView+Extensions.swift"; sourceTree = "<group>"; };
		618AB53A2907E12E00EB9C8B /* Date+DateFormatter+Extensions.swift */ = {isa = PBXFileReference; fileEncoding = 4; lastKnownFileType = sourcecode.swift; path = "Date+DateFormatter+Extensions.swift"; sourceTree = "<group>"; };
		618AB53B2907E12E00EB9C8B /* UIColor+Extensions.swift */ = {isa = PBXFileReference; fileEncoding = 4; lastKnownFileType = sourcecode.swift; path = "UIColor+Extensions.swift"; sourceTree = "<group>"; };
		618AB5412907E15A00EB9C8B /* Bob'sBurgers.ttf */ = {isa = PBXFileReference; lastKnownFileType = file; path = "Bob'sBurgers.ttf"; sourceTree = "<group>"; };
		618AB5422907E15A00EB9C8B /* Bob'sBurgers2.ttf */ = {isa = PBXFileReference; lastKnownFileType = file; path = "Bob'sBurgers2.ttf"; sourceTree = "<group>"; };
		618AB54C2907E36C00EB9C8B /* FeedView.swift */ = {isa = PBXFileReference; lastKnownFileType = sourcecode.swift; path = FeedView.swift; sourceTree = "<group>"; };
		618AB54E2907E37800EB9C8B /* FeedController.swift */ = {isa = PBXFileReference; lastKnownFileType = sourcecode.swift; path = FeedController.swift; sourceTree = "<group>"; };
		618AB5502907E3F000EB9C8B /* UIView+Extensions.swift */ = {isa = PBXFileReference; fileEncoding = 4; lastKnownFileType = sourcecode.swift; path = "UIView+Extensions.swift"; sourceTree = "<group>"; };
		618AB55429092B9E00EB9C8B /* TabBarController.swift */ = {isa = PBXFileReference; lastKnownFileType = sourcecode.swift; path = TabBarController.swift; sourceTree = "<group>"; };
		618AB5582909306300EB9C8B /* NetworkClient.swift */ = {isa = PBXFileReference; fileEncoding = 4; lastKnownFileType = sourcecode.swift; path = NetworkClient.swift; sourceTree = "<group>"; };
		618AB5592909306300EB9C8B /* NetworkDataLoader+Link.swift */ = {isa = PBXFileReference; fileEncoding = 4; lastKnownFileType = sourcecode.swift; path = "NetworkDataLoader+Link.swift"; sourceTree = "<group>"; };
		618AB55C29094CD900EB9C8B /* CharacterModel.swift */ = {isa = PBXFileReference; fileEncoding = 4; lastKnownFileType = sourcecode.swift; path = CharacterModel.swift; sourceTree = "<group>"; };
		618AB55E29094F9800EB9C8B /* AlertModel+InfoAlertText.swift */ = {isa = PBXFileReference; fileEncoding = 4; lastKnownFileType = sourcecode.swift; path = "AlertModel+InfoAlertText.swift"; sourceTree = "<group>"; };
		618AB55F29094F9800EB9C8B /* AlertPresenter.swift */ = {isa = PBXFileReference; fileEncoding = 4; lastKnownFileType = sourcecode.swift; path = AlertPresenter.swift; sourceTree = "<group>"; };
		618AB5622909503800EB9C8B /* FeedPresenter.swift */ = {isa = PBXFileReference; fileEncoding = 4; lastKnownFileType = sourcecode.swift; path = FeedPresenter.swift; sourceTree = "<group>"; };
		618B0E922923ABF500CDFF1D /* StoreModel.swift */ = {isa = PBXFileReference; lastKnownFileType = sourcecode.swift; path = StoreModel.swift; sourceTree = "<group>"; };
		618B0E942923B4BD00CDFF1D /* PestControlTruckModel.swift */ = {isa = PBXFileReference; lastKnownFileType = sourcecode.swift; path = PestControlTruckModel.swift; sourceTree = "<group>"; };
		618B0E962923B9FA00CDFF1D /* EndCreditsModel.swift */ = {isa = PBXFileReference; lastKnownFileType = sourcecode.swift; path = EndCreditsModel.swift; sourceTree = "<group>"; };
		618B0E982923BD3B00CDFF1D /* BurgerOfTheDayModel.swift */ = {isa = PBXFileReference; lastKnownFileType = sourcecode.swift; path = BurgerOfTheDayModel.swift; sourceTree = "<group>"; };
		619C7CCC292CCC0800BE3ABB /* FavoritesView.swift */ = {isa = PBXFileReference; lastKnownFileType = sourcecode.swift; path = FavoritesView.swift; sourceTree = "<group>"; };
		619C7CCE292CCD7C00BE3ABB /* FavoritesController.swift */ = {isa = PBXFileReference; lastKnownFileType = sourcecode.swift; path = FavoritesController.swift; sourceTree = "<group>"; };
		619C7CD0292CCDA500BE3ABB /* FavoritesPresenter.swift */ = {isa = PBXFileReference; lastKnownFileType = sourcecode.swift; path = FavoritesPresenter.swift; sourceTree = "<group>"; };
		619C7CD2292CCF9D00BE3ABB /* FavoritesCell.swift */ = {isa = PBXFileReference; lastKnownFileType = sourcecode.swift; path = FavoritesCell.swift; sourceTree = "<group>"; };
		61A189D6299CED810014B9E0 /* noImage.png */ = {isa = PBXFileReference; lastKnownFileType = image.png; path = noImage.png; sourceTree = "<group>"; };
		61A9B7BB293F5F6900139234 /* WhoAmIResultView.swift */ = {isa = PBXFileReference; lastKnownFileType = sourcecode.swift; path = WhoAmIResultView.swift; sourceTree = "<group>"; };
		61A9B7BD293F602D00139234 /* WhoAmIResultController.swift */ = {isa = PBXFileReference; lastKnownFileType = sourcecode.swift; path = WhoAmIResultController.swift; sourceTree = "<group>"; };
		61ACD007292CDF0000EA0A04 /* HeaderCollectionReusableView.swift */ = {isa = PBXFileReference; lastKnownFileType = sourcecode.swift; path = HeaderCollectionReusableView.swift; sourceTree = "<group>"; };
		61B16ADE2941E22000A1AE9D /* Bob Belcher.jpg */ = {isa = PBXFileReference; lastKnownFileType = image.jpeg; path = "Bob Belcher.jpg"; sourceTree = "<group>"; };
		61B16ADF2941E22100A1AE9D /* Gene Belcher.jpg */ = {isa = PBXFileReference; lastKnownFileType = image.jpeg; path = "Gene Belcher.jpg"; sourceTree = "<group>"; };
		61B16AE02941E22100A1AE9D /* Tina Belcher.jpg */ = {isa = PBXFileReference; lastKnownFileType = image.jpeg; path = "Tina Belcher.jpg"; sourceTree = "<group>"; };
		61B16AE12941E22100A1AE9D /* Linda Belcher.jpg */ = {isa = PBXFileReference; lastKnownFileType = image.jpeg; path = "Linda Belcher.jpg"; sourceTree = "<group>"; };
		61B16AE22941E22100A1AE9D /* Louise Belcher.jpg */ = {isa = PBXFileReference; lastKnownFileType = image.jpeg; path = "Louise Belcher.jpg"; sourceTree = "<group>"; };
		61D1BFAC29951120006C7625 /* PaddingLabel.swift */ = {isa = PBXFileReference; lastKnownFileType = sourcecode.swift; path = PaddingLabel.swift; sourceTree = "<group>"; };
		61DB699B2919528A00AC0832 /* DetailedInfoView.swift */ = {isa = PBXFileReference; lastKnownFileType = sourcecode.swift; path = DetailedInfoView.swift; sourceTree = "<group>"; };
		61DB699D291959AF00AC0832 /* DetailedInfoController.swift */ = {isa = PBXFileReference; lastKnownFileType = sourcecode.swift; path = DetailedInfoController.swift; sourceTree = "<group>"; };
		61DB69A0291A431F00AC0832 /* DetailedInfoPresenter.swift */ = {isa = PBXFileReference; lastKnownFileType = sourcecode.swift; path = DetailedInfoPresenter.swift; sourceTree = "<group>"; };
		61E3DDAA293F5E2B00344592 /* UIImage+Extensions.swift */ = {isa = PBXFileReference; lastKnownFileType = sourcecode.swift; path = "UIImage+Extensions.swift"; sourceTree = "<group>"; };
		61EC8730294CA9630088680A /* SplashController.swift */ = {isa = PBXFileReference; lastKnownFileType = sourcecode.swift; path = SplashController.swift; sourceTree = "<group>"; };
/* End PBXFileReference section */

/* Begin PBXFrameworksBuildPhase section */
		6125CF6529A240570018297B /* Frameworks */ = {
			isa = PBXFrameworksBuildPhase;
			buildActionMask = 2147483647;
			files = (
			);
			runOnlyForDeploymentPostprocessing = 0;
		};
		618AB5162907E05C00EB9C8B /* Frameworks */ = {
			isa = PBXFrameworksBuildPhase;
			buildActionMask = 2147483647;
			files = (
				611AE42B299CD25C001B9E41 /* Kingfisher in Frameworks */,
			);
			runOnlyForDeploymentPostprocessing = 0;
		};
/* End PBXFrameworksBuildPhase section */

/* Begin PBXGroup section */
		6112E9EE294F584200934712 /* Sounds */ = {
			isa = PBXGroup;
			children = (
				6112E9EF294F585900934712 /* BBDBTheme.mp3 */,
			);
			path = Sounds;
			sourceTree = "<group>";
		};
		6125CF6929A240580018297B /* BBDBUITests */ = {
			isa = PBXGroup;
			children = (
				6125CF6A29A240580018297B /* BBDBUITests.swift */,
				6125CF6C29A240580018297B /* BBDBUITestsLaunchTests.swift */,
			);
			path = BBDBUITests;
			sourceTree = "<group>";
		};
		61454F8E290E69150016F835 /* Presenter */ = {
			isa = PBXGroup;
			children = (
				618AB55F29094F9800EB9C8B /* AlertPresenter.swift */,
				618AB5622909503800EB9C8B /* FeedPresenter.swift */,
				61454FA1291539530016F835 /* MenuPresenter.swift */,
				610914FB2917C60200D451B8 /* ListPresenter.swift */,
				61DB69A0291A431F00AC0832 /* DetailedInfoPresenter.swift */,
				619C7CD0292CCDA500BE3ABB /* FavoritesPresenter.swift */,
				610DA04E293F35F400516718 /* WhoAmIPresenter.swift */,
				610FE8B829531281007BC50E /* SettingsPresenter.swift */,
			);
			path = Presenter;
			sourceTree = "<group>";
		};
		618AB5102907E05C00EB9C8B = {
			isa = PBXGroup;
			children = (
				618AB51B2907E05C00EB9C8B /* BBDB */,
				6125CF6929A240580018297B /* BBDBUITests */,
				618AB51A2907E05C00EB9C8B /* Products */,
			);
			sourceTree = "<group>";
		};
		618AB51A2907E05C00EB9C8B /* Products */ = {
			isa = PBXGroup;
			children = (
				618AB5192907E05C00EB9C8B /* BBDB.app */,
				6125CF6829A240570018297B /* BBDBUITests.xctest */,
			);
			name = Products;
			sourceTree = "<group>";
		};
		618AB51B2907E05C00EB9C8B /* BBDB */ = {
			isa = PBXGroup;
			children = (
				618AB5352907E06F00EB9C8B /* Model */,
				618AB5342907E06B00EB9C8B /* View */,
				618AB5332907E06400EB9C8B /* Controller */,
				61454F8E290E69150016F835 /* Presenter */,
				618AB5362907E07700EB9C8B /* Supporting Files */,
			);
			path = BBDB;
			sourceTree = "<group>";
		};
		618AB5332907E06400EB9C8B /* Controller */ = {
			isa = PBXGroup;
			children = (
				61EC8730294CA9630088680A /* SplashController.swift */,
				618AB55429092B9E00EB9C8B /* TabBarController.swift */,
				610914F529157B0400D451B8 /* NavigationController.swift */,
				61454F9329126C1A0016F835 /* WebController.swift */,
				618AB54E2907E37800EB9C8B /* FeedController.swift */,
				61454F9B2913D7A60016F835 /* MenuController.swift */,
				61454FA5291541960016F835 /* ListController.swift */,
				61DB699D291959AF00AC0832 /* DetailedInfoController.swift */,
				619C7CCE292CCD7C00BE3ABB /* FavoritesController.swift */,
				610DA04C293F35C300516718 /* WhoAmIController.swift */,
				61A9B7BD293F602D00139234 /* WhoAmIResultController.swift */,
				610FE8B6295306B4007BC50E /* SettingsController.swift */,
			);
			path = Controller;
			sourceTree = "<group>";
		};
		618AB5342907E06B00EB9C8B /* View */ = {
			isa = PBXGroup;
			children = (
				61454F91291269870016F835 /* WebView.swift */,
				618AB54C2907E36C00EB9C8B /* FeedView.swift */,
				61454F992913D1930016F835 /* MenuView.swift */,
				615C29BB291E87BA006AF07F /* ListViewCell.swift */,
				610914F929165C9000D451B8 /* ListViewCellWithImage.swift */,
				61454FA329153DFC0016F835 /* ListView.swift */,
				61DB699B2919528A00AC0832 /* DetailedInfoView.swift */,
				619C7CD2292CCF9D00BE3ABB /* FavoritesCell.swift */,
				61ACD007292CDF0000EA0A04 /* HeaderCollectionReusableView.swift */,
				619C7CCC292CCC0800BE3ABB /* FavoritesView.swift */,
				610DA046293F329F00516718 /* WhoAmIView.swift */,
				61A9B7BB293F5F6900139234 /* WhoAmIResultView.swift */,
				610FE8B42952FAD5007BC50E /* SettingsView.swift */,
			);
			path = View;
			sourceTree = "<group>";
		};
		618AB5352907E06F00EB9C8B /* Model */ = {
			isa = PBXGroup;
			children = (
				618AB5252907E05C00EB9C8B /* BBDB.xcdatamodeld */,
				610DA044293F317800516718 /* BBDBImageClassifier.mlmodel */,
				610CBF6B29A0D513004E9969 /* Constants.swift */,
				618AB55E29094F9800EB9C8B /* AlertModel+InfoAlertText.swift */,
				618AB55C29094CD900EB9C8B /* CharacterModel.swift */,
				615C29B9291CF042006AF07F /* EpisodeModel.swift */,
				618B0E922923ABF500CDFF1D /* StoreModel.swift */,
				618B0E942923B4BD00CDFF1D /* PestControlTruckModel.swift */,
				618B0E962923B9FA00CDFF1D /* EndCreditsModel.swift */,
				618B0E982923BD3B00CDFF1D /* BurgerOfTheDayModel.swift */,
				610FE8BA2953330B007BC50E /* UserDefaultsManager.swift */,
				61518C28292519B10013080A /* CoreDataManager.swift */,
				618AB5582909306300EB9C8B /* NetworkClient.swift */,
				618AB5592909306300EB9C8B /* NetworkDataLoader+Link.swift */,
			);
			path = Model;
			sourceTree = "<group>";
		};
		618AB5362907E07700EB9C8B /* Supporting Files */ = {
			isa = PBXGroup;
			children = (
				6112E9EE294F584200934712 /* Sounds */,
				618AB5452907E18500EB9C8B /* Bundle */,
				618AB5402907E15A00EB9C8B /* Fonts */,
				618AB5372907E0B900EB9C8B /* Helpers */,
				618AB5282907E05E00EB9C8B /* Assets.xcassets */,
				618AB52D2907E05E00EB9C8B /* Info.plist */,
				618AB51C2907E05C00EB9C8B /* AppDelegate.swift */,
				618AB51E2907E05C00EB9C8B /* SceneDelegate.swift */,
			);
			path = "Supporting Files";
			sourceTree = "<group>";
		};
		618AB5372907E0B900EB9C8B /* Helpers */ = {
			isa = PBXGroup;
			children = (
				617E59CB299F795F0007D89F /* UICreator.swift */,
				610CBF6D29A0D780004E9969 /* UIFont+Extensions.swift */,
				618AB53B2907E12E00EB9C8B /* UIColor+Extensions.swift */,
				618AB5502907E3F000EB9C8B /* UIView+Extensions.swift */,
				618AB5382907E12E00EB9C8B /* UIImageView+Extensions.swift */,
				61454F9D2913EBFC0016F835 /* UIScreen+Extensions.swift */,
				618AB53A2907E12E00EB9C8B /* Date+DateFormatter+Extensions.swift */,
				61E3DDAA293F5E2B00344592 /* UIImage+Extensions.swift */,
				61D1BFAC29951120006C7625 /* PaddingLabel.swift */,
			);
			path = Helpers;
			sourceTree = "<group>";
		};
		618AB5402907E15A00EB9C8B /* Fonts */ = {
			isa = PBXGroup;
			children = (
				618AB5412907E15A00EB9C8B /* Bob'sBurgers.ttf */,
				618AB5422907E15A00EB9C8B /* Bob'sBurgers2.ttf */,
			);
			path = Fonts;
			sourceTree = "<group>";
		};
		618AB5452907E18500EB9C8B /* Bundle */ = {
			isa = PBXGroup;
			children = (
				61A189D6299CED810014B9E0 /* noImage.png */,
				61B16ADE2941E22000A1AE9D /* Bob Belcher.jpg */,
				61B16ADF2941E22100A1AE9D /* Gene Belcher.jpg */,
				61B16AE12941E22100A1AE9D /* Linda Belcher.jpg */,
				61B16AE22941E22100A1AE9D /* Louise Belcher.jpg */,
				61B16AE02941E22100A1AE9D /* Tina Belcher.jpg */,
			);
			path = Bundle;
			sourceTree = "<group>";
		};
/* End PBXGroup section */

/* Begin PBXNativeTarget section */
		6125CF6729A240570018297B /* BBDBUITests */ = {
			isa = PBXNativeTarget;
			buildConfigurationList = 6125CF7029A240580018297B /* Build configuration list for PBXNativeTarget "BBDBUITests" */;
			buildPhases = (
				6125CF6429A240570018297B /* Sources */,
				6125CF6529A240570018297B /* Frameworks */,
				6125CF6629A240570018297B /* Resources */,
			);
			buildRules = (
			);
			dependencies = (
				6125CF6F29A240580018297B /* PBXTargetDependency */,
			);
			name = BBDBUITests;
			productName = BBDBUITests;
			productReference = 6125CF6829A240570018297B /* BBDBUITests.xctest */;
			productType = "com.apple.product-type.bundle.ui-testing";
		};
		618AB5182907E05C00EB9C8B /* BBDB */ = {
			isa = PBXNativeTarget;
			buildConfigurationList = 618AB5302907E05E00EB9C8B /* Build configuration list for PBXNativeTarget "BBDB" */;
			buildPhases = (
				618AB5152907E05C00EB9C8B /* Sources */,
				618AB5162907E05C00EB9C8B /* Frameworks */,
				618AB5172907E05C00EB9C8B /* Resources */,
				6125CF6329A10C730018297B /* ShellScript */,
			);
			buildRules = (
			);
			dependencies = (
			);
			name = BBDB;
			packageProductDependencies = (
				611AE42A299CD25C001B9E41 /* Kingfisher */,
			);
			productName = BBDB;
			productReference = 618AB5192907E05C00EB9C8B /* BBDB.app */;
			productType = "com.apple.product-type.application";
		};
/* End PBXNativeTarget section */

/* Begin PBXProject section */
		618AB5112907E05C00EB9C8B /* Project object */ = {
			isa = PBXProject;
			attributes = {
				BuildIndependentTargetsInParallel = 1;
				LastSwiftUpdateCheck = 1420;
				LastUpgradeCheck = 1400;
				TargetAttributes = {
					6125CF6729A240570018297B = {
						CreatedOnToolsVersion = 14.2;
						TestTargetID = 618AB5182907E05C00EB9C8B;
					};
					618AB5182907E05C00EB9C8B = {
						CreatedOnToolsVersion = 14.0.1;
					};
				};
			};
			buildConfigurationList = 618AB5142907E05C00EB9C8B /* Build configuration list for PBXProject "BBDB" */;
			compatibilityVersion = "Xcode 14.0";
			developmentRegion = en;
			hasScannedForEncodings = 0;
			knownRegions = (
				en,
				Base,
			);
			mainGroup = 618AB5102907E05C00EB9C8B;
			packageReferences = (
				611AE429299CD25C001B9E41 /* XCRemoteSwiftPackageReference "Kingfisher" */,
			);
			productRefGroup = 618AB51A2907E05C00EB9C8B /* Products */;
			projectDirPath = "";
			projectRoot = "";
			targets = (
				618AB5182907E05C00EB9C8B /* BBDB */,
				6125CF6729A240570018297B /* BBDBUITests */,
			);
		};
/* End PBXProject section */

/* Begin PBXResourcesBuildPhase section */
		6125CF6629A240570018297B /* Resources */ = {
			isa = PBXResourcesBuildPhase;
			buildActionMask = 2147483647;
			files = (
			);
			runOnlyForDeploymentPostprocessing = 0;
		};
		618AB5172907E05C00EB9C8B /* Resources */ = {
			isa = PBXResourcesBuildPhase;
			buildActionMask = 2147483647;
			files = (
				61B16AE52941E22100A1AE9D /* Tina Belcher.jpg in Resources */,
				61B16AE62941E22100A1AE9D /* Linda Belcher.jpg in Resources */,
				61A189D7299CED810014B9E0 /* noImage.png in Resources */,
				618AB5432907E15A00EB9C8B /* Bob'sBurgers.ttf in Resources */,
				618AB5442907E15A00EB9C8B /* Bob'sBurgers2.ttf in Resources */,
				61B16AE42941E22100A1AE9D /* Gene Belcher.jpg in Resources */,
				6112E9F0294F585900934712 /* BBDBTheme.mp3 in Resources */,
				61B16AE72941E22100A1AE9D /* Louise Belcher.jpg in Resources */,
				61B16AE32941E22100A1AE9D /* Bob Belcher.jpg in Resources */,
				618AB5292907E05E00EB9C8B /* Assets.xcassets in Resources */,
			);
			runOnlyForDeploymentPostprocessing = 0;
		};
/* End PBXResourcesBuildPhase section */

/* Begin PBXShellScriptBuildPhase section */
		6125CF6329A10C730018297B /* ShellScript */ = {
			isa = PBXShellScriptBuildPhase;
			alwaysOutOfDate = 1;
			buildActionMask = 2147483647;
			files = (
			);
			inputFileListPaths = (
			);
			inputPaths = (
			);
			outputFileListPaths = (
			);
			outputPaths = (
			);
			runOnlyForDeploymentPostprocessing = 0;
			shellPath = /bin/sh;
			shellScript = "if which swiftlint > /dev/null; then\n  swiftlint\nelse\n  echo \"warning: SwiftLint not installed, download from https://github.com/realm/SwiftLint\"\nfi\n";
		};
/* End PBXShellScriptBuildPhase section */

/* Begin PBXSourcesBuildPhase section */
		6125CF6429A240570018297B /* Sources */ = {
			isa = PBXSourcesBuildPhase;
			buildActionMask = 2147483647;
			files = (
				6125CF6D29A240580018297B /* BBDBUITestsLaunchTests.swift in Sources */,
				6125CF6B29A240580018297B /* BBDBUITests.swift in Sources */,
			);
			runOnlyForDeploymentPostprocessing = 0;
		};
		618AB5152907E05C00EB9C8B /* Sources */ = {
			isa = PBXSourcesBuildPhase;
			buildActionMask = 2147483647;
			files = (
				618AB5632909503900EB9C8B /* FeedPresenter.swift in Sources */,
				618AB54D2907E36C00EB9C8B /* FeedView.swift in Sources */,
				610FE8B7295306B4007BC50E /* SettingsController.swift in Sources */,
				619C7CD1292CCDA500BE3ABB /* FavoritesPresenter.swift in Sources */,
				618AB51D2907E05C00EB9C8B /* AppDelegate.swift in Sources */,
				610CBF6C29A0D513004E9969 /* Constants.swift in Sources */,
				618AB55B2909306300EB9C8B /* NetworkDataLoader+Link.swift in Sources */,
				618B0E932923ABF500CDFF1D /* StoreModel.swift in Sources */,
				618B0E952923B4BD00CDFF1D /* PestControlTruckModel.swift in Sources */,
				618AB55529092B9E00EB9C8B /* TabBarController.swift in Sources */,
				610CBF6E29A0D780004E9969 /* UIFont+Extensions.swift in Sources */,
				610DA04D293F35C300516718 /* WhoAmIController.swift in Sources */,
				615C29BA291CF042006AF07F /* EpisodeModel.swift in Sources */,
				614DB9DF292E3C7B003842F5 /* BBDB.xcdatamodeld in Sources */,
				618AB56029094F9800EB9C8B /* AlertModel+InfoAlertText.swift in Sources */,
				61454FA429153DFC0016F835 /* ListView.swift in Sources */,
				61454F9A2913D1930016F835 /* MenuView.swift in Sources */,
				618AB54F2907E37800EB9C8B /* FeedController.swift in Sources */,
				61E3DDAB293F5E2B00344592 /* UIImage+Extensions.swift in Sources */,
				610DA04F293F35F400516718 /* WhoAmIPresenter.swift in Sources */,
				618AB5512907E3F000EB9C8B /* UIView+Extensions.swift in Sources */,
				61D1BFAD29951120006C7625 /* PaddingLabel.swift in Sources */,
				61DB69A1291A432000AC0832 /* DetailedInfoPresenter.swift in Sources */,
				61DB699E291959AF00AC0832 /* DetailedInfoController.swift in Sources */,
				61A9B7BE293F602D00139234 /* WhoAmIResultController.swift in Sources */,
				61454FA2291539530016F835 /* MenuPresenter.swift in Sources */,
				610914F629157B0400D451B8 /* NavigationController.swift in Sources */,
				618AB51F2907E05C00EB9C8B /* SceneDelegate.swift in Sources */,
				610FE8BB2953330B007BC50E /* UserDefaultsManager.swift in Sources */,
				610FE8B52952FAD5007BC50E /* SettingsView.swift in Sources */,
				61454F9E2913EBFC0016F835 /* UIScreen+Extensions.swift in Sources */,
				619C7CD3292CCF9D00BE3ABB /* FavoritesCell.swift in Sources */,
				618AB55A2909306300EB9C8B /* NetworkClient.swift in Sources */,
				61518C29292519B10013080A /* CoreDataManager.swift in Sources */,
				61454F9429126C1A0016F835 /* WebController.swift in Sources */,
				61454FA6291541960016F835 /* ListController.swift in Sources */,
				61ACD008292CDF0000EA0A04 /* HeaderCollectionReusableView.swift in Sources */,
				618AB56129094F9800EB9C8B /* AlertPresenter.swift in Sources */,
				610DA045293F317900516718 /* BBDBImageClassifier.mlmodel in Sources */,
				610914FA29165C9000D451B8 /* ListViewCellWithImage.swift in Sources */,
				610DA047293F329F00516718 /* WhoAmIView.swift in Sources */,
				619C7CCD292CCC0800BE3ABB /* FavoritesView.swift in Sources */,
				619C7CCF292CCD7C00BE3ABB /* FavoritesController.swift in Sources */,
				615C29BC291E87BA006AF07F /* ListViewCell.swift in Sources */,
				610FE8B929531281007BC50E /* SettingsPresenter.swift in Sources */,
				61454F92291269870016F835 /* WebView.swift in Sources */,
				610914FC2917C60200D451B8 /* ListPresenter.swift in Sources */,
				618B0E972923B9FA00CDFF1D /* EndCreditsModel.swift in Sources */,
				61A9B7BC293F5F6900139234 /* WhoAmIResultView.swift in Sources */,
				61EC8731294CA9630088680A /* SplashController.swift in Sources */,
				61454F9C2913D7A60016F835 /* MenuController.swift in Sources */,
				61DB699C2919528A00AC0832 /* DetailedInfoView.swift in Sources */,
				618AB53C2907E12E00EB9C8B /* UIImageView+Extensions.swift in Sources */,
				618AB53F2907E12E00EB9C8B /* UIColor+Extensions.swift in Sources */,
				618AB55D29094CDA00EB9C8B /* CharacterModel.swift in Sources */,
				618B0E992923BD3B00CDFF1D /* BurgerOfTheDayModel.swift in Sources */,
				617E59CC299F795F0007D89F /* UICreator.swift in Sources */,
				618AB53E2907E12E00EB9C8B /* Date+DateFormatter+Extensions.swift in Sources */,
			);
			runOnlyForDeploymentPostprocessing = 0;
		};
/* End PBXSourcesBuildPhase section */

/* Begin PBXTargetDependency section */
		6125CF6F29A240580018297B /* PBXTargetDependency */ = {
			isa = PBXTargetDependency;
			target = 618AB5182907E05C00EB9C8B /* BBDB */;
			targetProxy = 6125CF6E29A240580018297B /* PBXContainerItemProxy */;
		};
/* End PBXTargetDependency section */

/* Begin XCBuildConfiguration section */
		6125CF7129A240580018297B /* Debug */ = {
			isa = XCBuildConfiguration;
			buildSettings = {
				CODE_SIGN_STYLE = Automatic;
				CURRENT_PROJECT_VERSION = 1;
				DEVELOPMENT_TEAM = 7WTLW784B9;
				GENERATE_INFOPLIST_FILE = YES;
				IPHONEOS_DEPLOYMENT_TARGET = 16.2;
				MARKETING_VERSION = 1.0;
				PRODUCT_BUNDLE_IDENTIFIER = com.IlyaValito.BBDBUITests;
				PRODUCT_NAME = "$(TARGET_NAME)";
				SWIFT_EMIT_LOC_STRINGS = NO;
				SWIFT_VERSION = 5.0;
				TARGETED_DEVICE_FAMILY = "1,2";
				TEST_TARGET_NAME = BBDB;
			};
			name = Debug;
		};
		6125CF7229A240580018297B /* Release */ = {
			isa = XCBuildConfiguration;
			buildSettings = {
				CODE_SIGN_STYLE = Automatic;
				CURRENT_PROJECT_VERSION = 1;
				DEVELOPMENT_TEAM = 7WTLW784B9;
				GENERATE_INFOPLIST_FILE = YES;
				IPHONEOS_DEPLOYMENT_TARGET = 16.2;
				MARKETING_VERSION = 1.0;
				PRODUCT_BUNDLE_IDENTIFIER = com.IlyaValito.BBDBUITests;
				PRODUCT_NAME = "$(TARGET_NAME)";
				SWIFT_EMIT_LOC_STRINGS = NO;
				SWIFT_VERSION = 5.0;
				TARGETED_DEVICE_FAMILY = "1,2";
				TEST_TARGET_NAME = BBDB;
			};
			name = Release;
		};
		618AB52E2907E05E00EB9C8B /* Debug */ = {
			isa = XCBuildConfiguration;
			buildSettings = {
				ALWAYS_SEARCH_USER_PATHS = NO;
				CLANG_ANALYZER_NONNULL = YES;
				CLANG_ANALYZER_NUMBER_OBJECT_CONVERSION = YES_AGGRESSIVE;
				CLANG_CXX_LANGUAGE_STANDARD = "gnu++20";
				CLANG_ENABLE_MODULES = YES;
				CLANG_ENABLE_OBJC_ARC = YES;
				CLANG_ENABLE_OBJC_WEAK = YES;
				CLANG_WARN_BLOCK_CAPTURE_AUTORELEASING = YES;
				CLANG_WARN_BOOL_CONVERSION = YES;
				CLANG_WARN_COMMA = YES;
				CLANG_WARN_CONSTANT_CONVERSION = YES;
				CLANG_WARN_DEPRECATED_OBJC_IMPLEMENTATIONS = YES;
				CLANG_WARN_DIRECT_OBJC_ISA_USAGE = YES_ERROR;
				CLANG_WARN_DOCUMENTATION_COMMENTS = YES;
				CLANG_WARN_EMPTY_BODY = YES;
				CLANG_WARN_ENUM_CONVERSION = YES;
				CLANG_WARN_INFINITE_RECURSION = YES;
				CLANG_WARN_INT_CONVERSION = YES;
				CLANG_WARN_NON_LITERAL_NULL_CONVERSION = YES;
				CLANG_WARN_OBJC_IMPLICIT_RETAIN_SELF = YES;
				CLANG_WARN_OBJC_LITERAL_CONVERSION = YES;
				CLANG_WARN_OBJC_ROOT_CLASS = YES_ERROR;
				CLANG_WARN_QUOTED_INCLUDE_IN_FRAMEWORK_HEADER = YES;
				CLANG_WARN_RANGE_LOOP_ANALYSIS = YES;
				CLANG_WARN_STRICT_PROTOTYPES = YES;
				CLANG_WARN_SUSPICIOUS_MOVE = YES;
				CLANG_WARN_UNGUARDED_AVAILABILITY = YES_AGGRESSIVE;
				CLANG_WARN_UNREACHABLE_CODE = YES;
				CLANG_WARN__DUPLICATE_METHOD_MATCH = YES;
				COPY_PHASE_STRIP = NO;
				DEBUG_INFORMATION_FORMAT = dwarf;
				ENABLE_STRICT_OBJC_MSGSEND = YES;
				ENABLE_TESTABILITY = YES;
				GCC_C_LANGUAGE_STANDARD = gnu11;
				GCC_DYNAMIC_NO_PIC = NO;
				GCC_NO_COMMON_BLOCKS = YES;
				GCC_OPTIMIZATION_LEVEL = 0;
				GCC_PREPROCESSOR_DEFINITIONS = (
					"DEBUG=1",
					"$(inherited)",
				);
				GCC_WARN_64_TO_32_BIT_CONVERSION = YES;
				GCC_WARN_ABOUT_RETURN_TYPE = YES_ERROR;
				GCC_WARN_UNDECLARED_SELECTOR = YES;
				GCC_WARN_UNINITIALIZED_AUTOS = YES_AGGRESSIVE;
				GCC_WARN_UNUSED_FUNCTION = YES;
				GCC_WARN_UNUSED_VARIABLE = YES;
				IPHONEOS_DEPLOYMENT_TARGET = 16.0;
				MTL_ENABLE_DEBUG_INFO = INCLUDE_SOURCE;
				MTL_FAST_MATH = YES;
				ONLY_ACTIVE_ARCH = YES;
				SDKROOT = iphoneos;
				SWIFT_ACTIVE_COMPILATION_CONDITIONS = DEBUG;
				SWIFT_OPTIMIZATION_LEVEL = "-Onone";
			};
			name = Debug;
		};
		618AB52F2907E05E00EB9C8B /* Release */ = {
			isa = XCBuildConfiguration;
			buildSettings = {
				ALWAYS_SEARCH_USER_PATHS = NO;
				CLANG_ANALYZER_NONNULL = YES;
				CLANG_ANALYZER_NUMBER_OBJECT_CONVERSION = YES_AGGRESSIVE;
				CLANG_CXX_LANGUAGE_STANDARD = "gnu++20";
				CLANG_ENABLE_MODULES = YES;
				CLANG_ENABLE_OBJC_ARC = YES;
				CLANG_ENABLE_OBJC_WEAK = YES;
				CLANG_WARN_BLOCK_CAPTURE_AUTORELEASING = YES;
				CLANG_WARN_BOOL_CONVERSION = YES;
				CLANG_WARN_COMMA = YES;
				CLANG_WARN_CONSTANT_CONVERSION = YES;
				CLANG_WARN_DEPRECATED_OBJC_IMPLEMENTATIONS = YES;
				CLANG_WARN_DIRECT_OBJC_ISA_USAGE = YES_ERROR;
				CLANG_WARN_DOCUMENTATION_COMMENTS = YES;
				CLANG_WARN_EMPTY_BODY = YES;
				CLANG_WARN_ENUM_CONVERSION = YES;
				CLANG_WARN_INFINITE_RECURSION = YES;
				CLANG_WARN_INT_CONVERSION = YES;
				CLANG_WARN_NON_LITERAL_NULL_CONVERSION = YES;
				CLANG_WARN_OBJC_IMPLICIT_RETAIN_SELF = YES;
				CLANG_WARN_OBJC_LITERAL_CONVERSION = YES;
				CLANG_WARN_OBJC_ROOT_CLASS = YES_ERROR;
				CLANG_WARN_QUOTED_INCLUDE_IN_FRAMEWORK_HEADER = YES;
				CLANG_WARN_RANGE_LOOP_ANALYSIS = YES;
				CLANG_WARN_STRICT_PROTOTYPES = YES;
				CLANG_WARN_SUSPICIOUS_MOVE = YES;
				CLANG_WARN_UNGUARDED_AVAILABILITY = YES_AGGRESSIVE;
				CLANG_WARN_UNREACHABLE_CODE = YES;
				CLANG_WARN__DUPLICATE_METHOD_MATCH = YES;
				COPY_PHASE_STRIP = NO;
				DEBUG_INFORMATION_FORMAT = "dwarf-with-dsym";
				ENABLE_NS_ASSERTIONS = NO;
				ENABLE_STRICT_OBJC_MSGSEND = YES;
				GCC_C_LANGUAGE_STANDARD = gnu11;
				GCC_NO_COMMON_BLOCKS = YES;
				GCC_WARN_64_TO_32_BIT_CONVERSION = YES;
				GCC_WARN_ABOUT_RETURN_TYPE = YES_ERROR;
				GCC_WARN_UNDECLARED_SELECTOR = YES;
				GCC_WARN_UNINITIALIZED_AUTOS = YES_AGGRESSIVE;
				GCC_WARN_UNUSED_FUNCTION = YES;
				GCC_WARN_UNUSED_VARIABLE = YES;
				IPHONEOS_DEPLOYMENT_TARGET = 16.0;
				MTL_ENABLE_DEBUG_INFO = NO;
				MTL_FAST_MATH = YES;
				SDKROOT = iphoneos;
				SWIFT_COMPILATION_MODE = wholemodule;
				SWIFT_OPTIMIZATION_LEVEL = "-O";
				VALIDATE_PRODUCT = YES;
			};
			name = Release;
		};
		618AB5312907E05E00EB9C8B /* Debug */ = {
			isa = XCBuildConfiguration;
			buildSettings = {
				ASSETCATALOG_COMPILER_APPICON_NAME = AppIcon;
				ASSETCATALOG_COMPILER_GLOBAL_ACCENT_COLOR_NAME = AccentColor;
				CODE_SIGN_STYLE = Automatic;
				CURRENT_PROJECT_VERSION = 1;
				DEVELOPMENT_TEAM = 7WTLW784B9;
				GENERATE_INFOPLIST_FILE = YES;
				INFOPLIST_FILE = "BBDB/Supporting Files/Info.plist";
				INFOPLIST_KEY_NSCameraUsageDescription = "The BBDB App needs access to your camera to compare you with a cartoon character!";
				INFOPLIST_KEY_UIApplicationSupportsIndirectInputEvents = YES;
				INFOPLIST_KEY_UILaunchStoryboardName = "";
				INFOPLIST_KEY_UIStatusBarStyle = UIStatusBarStyleDarkContent;
				INFOPLIST_KEY_UISupportedInterfaceOrientations = UIInterfaceOrientationPortrait;
				INFOPLIST_KEY_UISupportedInterfaceOrientations_iPad = "UIInterfaceOrientationLandscapeLeft UIInterfaceOrientationLandscapeRight UIInterfaceOrientationPortrait UIInterfaceOrientationPortraitUpsideDown";
				LD_RUNPATH_SEARCH_PATHS = (
					"$(inherited)",
					"@executable_path/Frameworks",
				);
				MARKETING_VERSION = 1.0;
				PRODUCT_BUNDLE_IDENTIFIER = com.Ilya.BBDB;
				PRODUCT_NAME = "$(TARGET_NAME)";
				SUPPORTED_PLATFORMS = "iphoneos iphonesimulator";
				SUPPORTS_MACCATALYST = NO;
				SUPPORTS_MAC_DESIGNED_FOR_IPHONE_IPAD = NO;
				SWIFT_EMIT_LOC_STRINGS = YES;
				SWIFT_VERSION = 5.0;
				TARGETED_DEVICE_FAMILY = 1;
			};
			name = Debug;
		};
		618AB5322907E05E00EB9C8B /* Release */ = {
			isa = XCBuildConfiguration;
			buildSettings = {
				ASSETCATALOG_COMPILER_APPICON_NAME = AppIcon;
				ASSETCATALOG_COMPILER_GLOBAL_ACCENT_COLOR_NAME = AccentColor;
				CODE_SIGN_STYLE = Automatic;
				CURRENT_PROJECT_VERSION = 1;
				DEVELOPMENT_TEAM = 7WTLW784B9;
				GENERATE_INFOPLIST_FILE = YES;
				INFOPLIST_FILE = "BBDB/Supporting Files/Info.plist";
				INFOPLIST_KEY_NSCameraUsageDescription = "The BBDB App needs access to your camera to compare you with a cartoon character!";
				INFOPLIST_KEY_UIApplicationSupportsIndirectInputEvents = YES;
				INFOPLIST_KEY_UILaunchStoryboardName = "";
				INFOPLIST_KEY_UIStatusBarStyle = UIStatusBarStyleDarkContent;
				INFOPLIST_KEY_UISupportedInterfaceOrientations = UIInterfaceOrientationPortrait;
				INFOPLIST_KEY_UISupportedInterfaceOrientations_iPad = "UIInterfaceOrientationLandscapeLeft UIInterfaceOrientationLandscapeRight UIInterfaceOrientationPortrait UIInterfaceOrientationPortraitUpsideDown";
				LD_RUNPATH_SEARCH_PATHS = (
					"$(inherited)",
					"@executable_path/Frameworks",
				);
				MARKETING_VERSION = 1.0;
				PRODUCT_BUNDLE_IDENTIFIER = com.Ilya.BBDB;
				PRODUCT_NAME = "$(TARGET_NAME)";
				SUPPORTED_PLATFORMS = "iphoneos iphonesimulator";
				SUPPORTS_MACCATALYST = NO;
				SUPPORTS_MAC_DESIGNED_FOR_IPHONE_IPAD = NO;
				SWIFT_EMIT_LOC_STRINGS = YES;
				SWIFT_VERSION = 5.0;
				TARGETED_DEVICE_FAMILY = 1;
			};
			name = Release;
		};
/* End XCBuildConfiguration section */

/* Begin XCConfigurationList section */
		6125CF7029A240580018297B /* Build configuration list for PBXNativeTarget "BBDBUITests" */ = {
			isa = XCConfigurationList;
			buildConfigurations = (
				6125CF7129A240580018297B /* Debug */,
				6125CF7229A240580018297B /* Release */,
			);
			defaultConfigurationIsVisible = 0;
			defaultConfigurationName = Release;
		};
		618AB5142907E05C00EB9C8B /* Build configuration list for PBXProject "BBDB" */ = {
			isa = XCConfigurationList;
			buildConfigurations = (
				618AB52E2907E05E00EB9C8B /* Debug */,
				618AB52F2907E05E00EB9C8B /* Release */,
			);
			defaultConfigurationIsVisible = 0;
			defaultConfigurationName = Release;
		};
		618AB5302907E05E00EB9C8B /* Build configuration list for PBXNativeTarget "BBDB" */ = {
			isa = XCConfigurationList;
			buildConfigurations = (
				618AB5312907E05E00EB9C8B /* Debug */,
				618AB5322907E05E00EB9C8B /* Release */,
			);
			defaultConfigurationIsVisible = 0;
			defaultConfigurationName = Release;
		};
/* End XCConfigurationList section */

/* Begin XCRemoteSwiftPackageReference section */
		611AE429299CD25C001B9E41 /* XCRemoteSwiftPackageReference "Kingfisher" */ = {
			isa = XCRemoteSwiftPackageReference;
			repositoryURL = "https://github.com/onevcat/Kingfisher";
			requirement = {
				kind = upToNextMajorVersion;
				minimumVersion = 7.0.0;
			};
		};
/* End XCRemoteSwiftPackageReference section */

/* Begin XCSwiftPackageProductDependency section */
		611AE42A299CD25C001B9E41 /* Kingfisher */ = {
			isa = XCSwiftPackageProductDependency;
			package = 611AE429299CD25C001B9E41 /* XCRemoteSwiftPackageReference "Kingfisher" */;
			productName = Kingfisher;
		};
/* End XCSwiftPackageProductDependency section */

/* Begin XCVersionGroup section */
		618AB5252907E05C00EB9C8B /* BBDB.xcdatamodeld */ = {
			isa = XCVersionGroup;
			children = (
				618AB5262907E05C00EB9C8B /* BBDB.xcdatamodel */,
			);
			currentVersion = 618AB5262907E05C00EB9C8B /* BBDB.xcdatamodel */;
			path = BBDB.xcdatamodeld;
			sourceTree = "<group>";
			versionGroupType = wrapper.xcdatamodel;
		};
/* End XCVersionGroup section */
	};
	rootObject = 618AB5112907E05C00EB9C8B /* Project object */;
}
